
Microsoft Visual Studio Solution File, Format Version 12.00
# Visual Studio 2013
VisualStudioVersion = 12.0.30723.0
MinimumVisualStudioVersion = 10.0.40219.1
Project("{FAE04EC0-301F-11D3-BF4B-00C04F79EFBC}") = "IGTWeb_Portal", "psource\IGTWeb_Portal.csproj", "{CFFCD5DB-3A01-40B4-9DFE-7EE416C5915C}"
EndProject
Global
	GlobalSection(SolutionConfigurationPlatforms) = preSolution
		Debug|Any CPU = Debug|Any CPU
		Release|Any CPU = Release|Any CPU
	EndGlobalSection
	GlobalSection(ProjectConfigurationPlatforms) = postSolution
		{CFFCD5DB-3A01-40B4-9DFE-7EE416C5915C}.Debug|Any CPU.ActiveCfg = Debug|Any CPU
		{CFFCD5DB-3A01-40B4-9DFE-7EE416C5915C}.Debug|Any CPU.Build.0 = Debug|Any CPU
		{CFFCD5DB-3A01-40B4-9DFE-7EE416C5915C}.Release|Any CPU.ActiveCfg = Release|Any CPU
		{CFFCD5DB-3A01-40B4-9DFE-7EE416C5915C}.Release|Any CPU.Build.0 = Release|Any CPU
	EndGlobalSection
	GlobalSection(SolutionProperties) = preSolution
		HideSolutionNode = FALSE
	EndGlobalSection
EndGlobal
